# generated by rye
# use `rye lock` or `rye sync` to update this lockfile
#
# last locked with the following flags:
#   pre: false
#   features: []
#   all-features: false
#   with-sources: false
#   generate-hashes: false
#   universal: false

-e file:lyric-js-worker
-e file:lyric-py
-e file:lyric-py-worker
-e file:lyric-task
    # via lyric-py
    # via lyric-py-worker
cloudpickle==3.1.0
    # via lyric-py
msgpack==1.1.0
    # via lyric-py
